// !$*UTF8*$!
{
	archiveVersion = 1;
	classes = {
	};
	objectVersion = 56;
	objects = {

/* Begin PBXBuildFile section */
		FB4DEC692BA841C800879B52 /* AppDelegate.swift in Sources */ = {isa = PBXBuildFile; fileRef = FB4DEC682BA841C800879B52 /* AppDelegate.swift */; };
		FB4DEC6B2BA841C800879B52 /* SceneDelegate.swift in Sources */ = {isa = PBXBuildFile; fileRef = FB4DEC6A2BA841C800879B52 /* SceneDelegate.swift */; };
		FB4DEC6D2BA841C800879B52 /* ViewController.swift in Sources */ = {isa = PBXBuildFile; fileRef = FB4DEC6C2BA841C800879B52 /* ViewController.swift */; };
		FB4DEC702BA841C800879B52 /* Base in Resources */ = {isa = PBXBuildFile; fileRef = FB4DEC6F2BA841C800879B52 /* Base */; };
		FB4DEC722BA841CA00879B52 /* Assets.xcassets in Resources */ = {isa = PBXBuildFile; fileRef = FB4DEC712BA841CA00879B52 /* Assets.xcassets */; };
		FB4DEC752BA841CA00879B52 /* Base in Resources */ = {isa = PBXBuildFile; fileRef = FB4DEC742BA841CA00879B52 /* Base */; };
		FB4DEC802BA841CA00879B52 /* ClockAppTests.swift in Sources */ = {isa = PBXBuildFile; fileRef = FB4DEC7F2BA841CA00879B52 /* ClockAppTests.swift */; };
		FB4DEC8A2BA841CA00879B52 /* ClockAppUITests.swift in Sources */ = {isa = PBXBuildFile; fileRef = FB4DEC892BA841CA00879B52 /* ClockAppUITests.swift */; };
		FB4DEC8C2BA841CA00879B52 /* ClockAppUITestsLaunchTests.swift in Sources */ = {isa = PBXBuildFile; fileRef = FB4DEC8B2BA841CA00879B52 /* ClockAppUITestsLaunchTests.swift */; };
/* End PBXBuildFile section */

/* Begin PBXContainerItemProxy section */
		FB4DEC7C2BA841CA00879B52 /* PBXContainerItemProxy */ = {
			isa = PBXContainerItemProxy;
			containerPortal = FB4DEC5D2BA841C800879B52 /* Project object */;
			proxyType = 1;
			remoteGlobalIDString = FB4DEC642BA841C800879B52;
			remoteInfo = ClockApp;
		};
		FB4DEC862BA841CA00879B52 /* PBXContainerItemProxy */ = {
			isa = PBXContainerItemProxy;
			containerPortal = FB4DEC5D2BA841C800879B52 /* Project object */;
			proxyType = 1;
			remoteGlobalIDString = FB4DEC642BA841C800879B52;
			remoteInfo = ClockApp;
		};
/* End PBXContainerItemProxy section */

/* Begin PBXFileReference section */
		FB4DEC652BA841C800879B52 /* ClockApp.app */ = {isa = PBXFileReference; explicitFileType = wrapper.application; includeInIndex = 0; path = ClockApp.app; sourceTree = BUILT_PRODUCTS_DIR; };
		FB4DEC682BA841C800879B52 /* AppDelegate.swift */ = {isa = PBXFileReference; lastKnownFileType = sourcecode.swift; path = AppDelegate.swift; sourceTree = "<group>"; };
		FB4DEC6A2BA841C800879B52 /* SceneDelegate.swift */ = {isa = PBXFileReference; lastKnownFileType = sourcecode.swift; path = SceneDelegate.swift; sourceTree = "<group>"; };
		FB4DEC6C2BA841C800879B52 /* ViewController.swift */ = {isa = PBXFileReference; lastKnownFileType = sourcecode.swift; path = ViewController.swift; sourceTree = "<group>"; };
		FB4DEC6F2BA841C800879B52 /* Base */ = {isa = PBXFileReference; lastKnownFileType = file.storyboard; name = Base; path = Base.lproj/Main.storyboard; sourceTree = "<group>"; };
		FB4DEC712BA841CA00879B52 /* Assets.xcassets */ = {isa = PBXFileReference; lastKnownFileType = folder.assetcatalog; path = Assets.xcassets; sourceTree = "<group>"; };
		FB4DEC742BA841CA00879B52 /* Base */ = {isa = PBXFileReference; lastKnownFileType = file.storyboard; name = Base; path = Base.lproj/LaunchScreen.storyboard; sourceTree = "<group>"; };
		FB4DEC762BA841CA00879B52 /* Info.plist */ = {isa = PBXFileReference; lastKnownFileType = text.plist.xml; path = Info.plist; sourceTree = "<group>"; };
		FB4DEC7B2BA841CA00879B52 /* ClockAppTests.xctest */ = {isa = PBXFileReference; explicitFileType = wrapper.cfbundle; includeInIndex = 0; path = ClockAppTests.xctest; sourceTree = BUILT_PRODUCTS_DIR; };
		FB4DEC7F2BA841CA00879B52 /* ClockAppTests.swift */ = {isa = PBXFileReference; lastKnownFileType = sourcecode.swift; path = ClockAppTests.swift; sourceTree = "<group>"; };
		FB4DEC852BA841CA00879B52 /* ClockAppUITests.xctest */ = {isa = PBXFileReference; explicitFileType = wrapper.cfbundle; includeInIndex = 0; path = ClockAppUITests.xctest; sourceTree = BUILT_PRODUCTS_DIR; };
		FB4DEC892BA841CA00879B52 /* ClockAppUITests.swift */ = {isa = PBXFileReference; lastKnownFileType = sourcecode.swift; path = ClockAppUITests.swift; sourceTree = "<group>"; };
		FB4DEC8B2BA841CA00879B52 /* ClockAppUITestsLaunchTests.swift */ = {isa = PBXFileReference; lastKnownFileType = sourcecode.swift; path = ClockAppUITestsLaunchTests.swift; sourceTree = "<group>"; };
/* End PBXFileReference section */

/* Begin PBXFrameworksBuildPhase section */
		FB4DEC622BA841C800879B52 /* Frameworks */ = {
			isa = PBXFrameworksBuildPhase;
			buildActionMask = 2147483647;
			files = (
			);
			runOnlyForDeploymentPostprocessing = 0;
		};
		FB4DEC782BA841CA00879B52 /* Frameworks */ = {
			isa = PBXFrameworksBuildPhase;
			buildActionMask = 2147483647;
			files = (
			);
			runOnlyForDeploymentPostprocessing = 0;
		};
		FB4DEC822BA841CA00879B52 /* Frameworks */ = {
			isa = PBXFrameworksBuildPhase;
			buildActionMask = 2147483647;
			files = (
			);
			runOnlyForDeploymentPostprocessing = 0;
		};
/* End PBXFrameworksBuildPhase section */

/* Begin PBXGroup section */
		FB4DEC5C2BA841C800879B52 = {
			isa = PBXGroup;
			children = (
				FB4DEC672BA841C800879B52 /* ClockApp */,
				FB4DEC7E2BA841CA00879B52 /* ClockAppTests */,
				FB4DEC882BA841CA00879B52 /* ClockAppUITests */,
				FB4DEC662BA841C800879B52 /* Products */,
			);
			sourceTree = "<group>";
		};
		FB4DEC662BA841C800879B52 /* Products */ = {
			isa = PBXGroup;
			children = (
				FB4DEC652BA841C800879B52 /* ClockApp.app */,
				FB4DEC7B2BA841CA00879B52 /* ClockAppTests.xctest */,
				FB4DEC852BA841CA00879B52 /* ClockAppUITests.xctest */,
			);
			name = Products;
			sourceTree = "<group>";
		};
		FB4DEC672BA841C800879B52 /* ClockApp */ = {
			isa = PBXGroup;
			children = (
				FB4DEC682BA841C800879B52 /* AppDelegate.swift */,
				FB4DEC6A2BA841C800879B52 /* SceneDelegate.swift */,
				FB4DEC6C2BA841C800879B52 /* ViewController.swift */,
				FB4DEC6E2BA841C800879B52 /* Main.storyboard */,
				FB4DEC712BA841CA00879B52 /* Assets.xcassets */,
				FB4DEC732BA841CA00879B52 /* LaunchScreen.storyboard */,
				FB4DEC762BA841CA00879B52 /* Info.plist */,
			);
			path = ClockApp;
			sourceTree = "<group>";
		};
		FB4DEC7E2BA841CA00879B52 /* ClockAppTests */ = {
			isa = PBXGroup;
			children = (
				FB4DEC7F2BA841CA00879B52 /* ClockAppTests.swift */,
			);
			path = ClockAppTests;
			sourceTree = "<group>";
		};
		FB4DEC882BA841CA00879B52 /* ClockAppUITests */ = {
			isa = PBXGroup;
			children = (
				FB4DEC892BA841CA00879B52 /* ClockAppUITests.swift */,
				FB4DEC8B2BA841CA00879B52 /* ClockAppUITestsLaunchTests.swift */,
			);
			path = ClockAppUITests;
			sourceTree = "<group>";
		};
/* End PBXGroup section */

/* Begin PBXNativeTarget section */
		FB4DEC642BA841C800879B52 /* ClockApp */ = {
			isa = PBXNativeTarget;
			buildConfigurationList = FB4DEC8F2BA841CA00879B52 /* Build configuration list for PBXNativeTarget "ClockApp" */;
			buildPhases = (
				FB4DEC612BA841C800879B52 /* Sources */,
				FB4DEC622BA841C800879B52 /* Frameworks */,
				FB4DEC632BA841C800879B52 /* Resources */,
			);
			buildRules = (
			);
			dependencies = (
			);
			name = ClockApp;
			productName = ClockApp;
			productReference = FB4DEC652BA841C800879B52 /* ClockApp.app */;
			productType = "com.apple.product-type.application";
		};
		FB4DEC7A2BA841CA00879B52 /* ClockAppTests */ = {
			isa = PBXNativeTarget;
			buildConfigurationList = FB4DEC922BA841CA00879B52 /* Build configuration list for PBXNativeTarget "ClockAppTests" */;
			buildPhases = (
				FB4DEC772BA841CA00879B52 /* Sources */,
				FB4DEC782BA841CA00879B52 /* Frameworks */,
				FB4DEC792BA841CA00879B52 /* Resources */,
			);
			buildRules = (
			);
			dependencies = (
				FB4DEC7D2BA841CA00879B52 /* PBXTargetDependency */,
			);
			name = ClockAppTests;
			productName = ClockAppTests;
			productReference = FB4DEC7B2BA841CA00879B52 /* ClockAppTests.xctest */;
			productType = "com.apple.product-type.bundle.unit-test";
		};
		FB4DEC842BA841CA00879B52 /* ClockAppUITests */ = {
			isa = PBXNativeTarget;
			buildConfigurationList = FB4DEC952BA841CA00879B52 /* Build configuration list for PBXNativeTarget "ClockAppUITests" */;
			buildPhases = (
				FB4DEC812BA841CA00879B52 /* Sources */,
				FB4DEC822BA841CA00879B52 /* Frameworks */,
				FB4DEC832BA841CA00879B52 /* Resources */,
			);
			buildRules = (
			);
			dependencies = (
				FB4DEC872BA841CA00879B52 /* PBXTargetDependency */,
			);
			name = ClockAppUITests;
			productName = ClockAppUITests;
			productReference = FB4DEC852BA841CA00879B52 /* ClockAppUITests.xctest */;
			productType = "com.apple.product-type.bundle.ui-testing";
		};
/* End PBXNativeTarget section */

/* Begin PBXProject section */
		FB4DEC5D2BA841C800879B52 /* Project object */ = {
			isa = PBXProject;
			attributes = {
				BuildIndependentTargetsInParallel = 1;
				LastSwiftUpdateCheck = 1530;
				LastUpgradeCheck = 1530;
				TargetAttributes = {
					FB4DEC642BA841C800879B52 = {
						CreatedOnToolsVersion = 15.3;
					};
					FB4DEC7A2BA841CA00879B52 = {
						CreatedOnToolsVersion = 15.3;
						TestTargetID = FB4DEC642BA841C800879B52;
					};
					FB4DEC842BA841CA00879B52 = {
						CreatedOnToolsVersion = 15.3;
						TestTargetID = FB4DEC642BA841C800879B52;
					};
				};
			};
			buildConfigurationList = FB4DEC602BA841C800879B52 /* Build configuration list for PBXProject "ClockApp" */;
			compatibilityVersion = "Xcode 14.0";
			developmentRegion = en;
			hasScannedForEncodings = 0;
			knownRegions = (
				en,
				Base,
			);
			mainGroup = FB4DEC5C2BA841C800879B52;
			productRefGroup = FB4DEC662BA841C800879B52 /* Products */;
			projectDirPath = "";
			projectRoot = "";
			targets = (
				FB4DEC642BA841C800879B52 /* ClockApp */,
				FB4DEC7A2BA841CA00879B52 /* ClockAppTests */,
				FB4DEC842BA841CA00879B52 /* ClockAppUITests */,
			);
		};
/* End PBXProject section */

/* Begin PBXResourcesBuildPhase section */
		FB4DEC632BA841C800879B52 /* Resources */ = {
			isa = PBXResourcesBuildPhase;
			buildActionMask = 2147483647;
			files = (
				FB4DEC722BA841CA00879B52 /* Assets.xcassets in Resources */,
				FB4DEC752BA841CA00879B52 /* Base in Resources */,
				FB4DEC702BA841C800879B52 /* Base in Resources */,
			);
			runOnlyForDeploymentPostprocessing = 0;
		};
		FB4DEC792BA841CA00879B52 /* Resources */ = {
			isa = PBXResourcesBuildPhase;
			buildActionMask = 2147483647;
			files = (
			);
			runOnlyForDeploymentPostprocessing = 0;
		};
		FB4DEC832BA841CA00879B52 /* Resources */ = {
			isa = PBXResourcesBuildPhase;
			buildActionMask = 2147483647;
			files = (
			);
			runOnlyForDeploymentPostprocessing = 0;
		};
/* End PBXResourcesBuildPhase section */

/* Begin PBXSourcesBuildPhase section */
		FB4DEC612BA841C800879B52 /* Sources */ = {
			isa = PBXSourcesBuildPhase;
			buildActionMask = 2147483647;
			files = (
				FB4DEC6D2BA841C800879B52 /* ViewController.swift in Sources */,
				FB4DEC692BA841C800879B52 /* AppDelegate.swift in Sources */,
				FB4DEC6B2BA841C800879B52 /* SceneDelegate.swift in Sources */,
			);
			runOnlyForDeploymentPostprocessing = 0;
		};
		FB4DEC772BA841CA00879B52 /* Sources */ = {
			isa = PBXSourcesBuildPhase;
			buildActionMask = 2147483647;
			files = (
				FB4DEC802BA841CA00879B52 /* ClockAppTests.swift in Sources */,
			);
			runOnlyForDeploymentPostprocessing = 0;
		};
		FB4DEC812BA841CA00879B52 /* Sources */ = {
			isa = PBXSourcesBuildPhase;
			buildActionMask = 2147483647;
			files = (
				FB4DEC8C2BA841CA00879B52 /* ClockAppUITestsLaunchTests.swift in Sources */,
				FB4DEC8A2BA841CA00879B52 /* ClockAppUITests.swift in Sources */,
			);
			runOnlyForDeploymentPostprocessing = 0;
		};
/* End PBXSourcesBuildPhase section */

/* Begin PBXTargetDependency section */
		FB4DEC7D2BA841CA00879B52 /* PBXTargetDependency */ = {
			isa = PBXTargetDependency;
			target = FB4DEC642BA841C800879B52 /* ClockApp */;
			targetProxy = FB4DEC7C2BA841CA00879B52 /* PBXContainerItemProxy */;
		};
		FB4DEC872BA841CA00879B52 /* PBXTargetDependency */ = {
			isa = PBXTargetDependency;
			target = FB4DEC642BA841C800879B52 /* ClockApp */;
			targetProxy = FB4DEC862BA841CA00879B52 /* PBXContainerItemProxy */;
		};
/* End PBXTargetDependency section */

/* Begin PBXVariantGroup section */
		FB4DEC6E2BA841C800879B52 /* Main.storyboard */ = {
			isa = PBXVariantGroup;
			children = (
				FB4DEC6F2BA841C800879B52 /* Base */,
			);
			name = Main.storyboard;
			sourceTree = "<group>";
		};
		FB4DEC732BA841CA00879B52 /* LaunchScreen.storyboard */ = {
			isa = PBXVariantGroup;
			children = (
				FB4DEC742BA841CA00879B52 /* Base */,
			);
			name = LaunchScreen.storyboard;
			sourceTree = "<group>";
		};
/* End PBXVariantGroup section */

/* Begin XCBuildConfiguration section */
		FB4DEC8D2BA841CA00879B52 /* Debug */ = {
			isa = XCBuildConfiguration;
			buildSettings = {
				ALWAYS_SEARCH_USER_PATHS = NO;
				ASSETCATALOG_COMPILER_GENERATE_SWIFT_ASSET_SYMBOL_EXTENSIONS = YES;
				CLANG_ANALYZER_NONNULL = YES;
				CLANG_ANALYZER_NUMBER_OBJECT_CONVERSION = YES_AGGRESSIVE;
				CLANG_CXX_LANGUAGE_STANDARD = "gnu++20";
				CLANG_ENABLE_MODULES = YES;
				CLANG_ENABLE_OBJC_ARC = YES;
				CLANG_ENABLE_OBJC_WEAK = YES;
				CLANG_WARN_BLOCK_CAPTURE_AUTORELEASING = YES;
				CLANG_WARN_BOOL_CONVERSION = YES;
				CLANG_WARN_COMMA = YES;
				CLANG_WARN_CONSTANT_CONVERSION = YES;
				CLANG_WARN_DEPRECATED_OBJC_IMPLEMENTATIONS = YES;
				CLANG_WARN_DIRECT_OBJC_ISA_USAGE = YES_ERROR;
				CLANG_WARN_DOCUMENTATION_COMMENTS = YES;
				CLANG_WARN_EMPTY_BODY = YES;
				CLANG_WARN_ENUM_CONVERSION = YES;
				CLANG_WARN_INFINITE_RECURSION = YES;
				CLANG_WARN_INT_CONVERSION = YES;
				CLANG_WARN_NON_LITERAL_NULL_CONVERSION = YES;
				CLANG_WARN_OBJC_IMPLICIT_RETAIN_SELF = YES;
				CLANG_WARN_OBJC_LITERAL_CONVERSION = YES;
				CLANG_WARN_OBJC_ROOT_CLASS = YES_ERROR;
				CLANG_WARN_QUOTED_INCLUDE_IN_FRAMEWORK_HEADER = YES;
				CLANG_WARN_RANGE_LOOP_ANALYSIS = YES;
				CLANG_WARN_STRICT_PROTOTYPES = YES;
				CLANG_WARN_SUSPICIOUS_MOVE = YES;
				CLANG_WARN_UNGUARDED_AVAILABILITY = YES_AGGRESSIVE;
				CLANG_WARN_UNREACHABLE_CODE = YES;
				CLANG_WARN__DUPLICATE_METHOD_MATCH = YES;
				COPY_PHASE_STRIP = NO;
				DEBUG_INFORMATION_FORMAT = dwarf;
				ENABLE_STRICT_OBJC_MSGSEND = YES;
				ENABLE_TESTABILITY = YES;
				ENABLE_USER_SCRIPT_SANDBOXING = YES;
				GCC_C_LANGUAGE_STANDARD = gnu17;
				GCC_DYNAMIC_NO_PIC = NO;
				GCC_NO_COMMON_BLOCKS = YES;
				GCC_OPTIMIZATION_LEVEL = 0;
				GCC_PREPROCESSOR_DEFINITIONS = (
					"DEBUG=1",
					"$(inherited)",
				);
				GCC_WARN_64_TO_32_BIT_CONVERSION = YES;
				GCC_WARN_ABOUT_RETURN_TYPE = YES_ERROR;
				GCC_WARN_UNDECLARED_SELECTOR = YES;
				GCC_WARN_UNINITIALIZED_AUTOS = YES_AGGRESSIVE;
				GCC_WARN_UNUSED_FUNCTION = YES;
				GCC_WARN_UNUSED_VARIABLE = YES;
				IPHONEOS_DEPLOYMENT_TARGET = 17.4;
				LOCALIZATION_PREFERS_STRING_CATALOGS = YES;
				MTL_ENABLE_DEBUG_INFO = INCLUDE_SOURCE;
				MTL_FAST_MATH = YES;
				ONLY_ACTIVE_ARCH = YES;
				SDKROOT = iphoneos;
				SWIFT_ACTIVE_COMPILATION_CONDITIONS = "DEBUG $(inherited)";
				SWIFT_OPTIMIZATION_LEVEL = "-Onone";
			};
			name = Debug;
		};
		FB4DEC8E2BA841CA00879B52 /* Release */ = {
			isa = XCBuildConfiguration;
			buildSettings = {
				ALWAYS_SEARCH_USER_PATHS = NO;
				ASSETCATALOG_COMPILER_GENERATE_SWIFT_ASSET_SYMBOL_EXTENSIONS = YES;
				CLANG_ANALYZER_NONNULL = YES;
				CLANG_ANALYZER_NUMBER_OBJECT_CONVERSION = YES_AGGRESSIVE;
				CLANG_CXX_LANGUAGE_STANDARD = "gnu++20";
				CLANG_ENABLE_MODULES = YES;
				CLANG_ENABLE_OBJC_ARC = YES;
				CLANG_ENABLE_OBJC_WEAK = YES;
				CLANG_WARN_BLOCK_CAPTURE_AUTORELEASING = YES;
				CLANG_WARN_BOOL_CONVERSION = YES;
				CLANG_WARN_COMMA = YES;
				CLANG_WARN_CONSTANT_CONVERSION = YES;
				CLANG_WARN_DEPRECATED_OBJC_IMPLEMENTATIONS = YES;
				CLANG_WARN_DIRECT_OBJC_ISA_USAGE = YES_ERROR;
				CLANG_WARN_DOCUMENTATION_COMMENTS = YES;
				CLANG_WARN_EMPTY_BODY = YES;
				CLANG_WARN_ENUM_CONVERSION = YES;
				CLANG_WARN_INFINITE_RECURSION = YES;
				CLANG_WARN_INT_CONVERSION = YES;
				CLANG_WARN_NON_LITERAL_NULL_CONVERSION = YES;
				CLANG_WARN_OBJC_IMPLICIT_RETAIN_SELF = YES;
				CLANG_WARN_OBJC_LITERAL_CONVERSION = YES;
				CLANG_WARN_OBJC_ROOT_CLASS = YES_ERROR;
				CLANG_WARN_QUOTED_INCLUDE_IN_FRAMEWORK_HEADER = YES;
				CLANG_WARN_RANGE_LOOP_ANALYSIS = YES;
				CLANG_WARN_STRICT_PROTOTYPES = YES;
				CLANG_WARN_SUSPICIOUS_MOVE = YES;
				CLANG_WARN_UNGUARDED_AVAILABILITY = YES_AGGRESSIVE;
				CLANG_WARN_UNREACHABLE_CODE = YES;
				CLANG_WARN__DUPLICATE_METHOD_MATCH = YES;
				COPY_PHASE_STRIP = NO;
				DEBUG_INFORMATION_FORMAT = "dwarf-with-dsym";
				ENABLE_NS_ASSERTIONS = NO;
				ENABLE_STRICT_OBJC_MSGSEND = YES;
				ENABLE_USER_SCRIPT_SANDBOXING = YES;
				GCC_C_LANGUAGE_STANDARD = gnu17;
				GCC_NO_COMMON_BLOCKS = YES;
				GCC_WARN_64_TO_32_BIT_CONVERSION = YES;
				GCC_WARN_ABOUT_RETURN_TYPE = YES_ERROR;
				GCC_WARN_UNDECLARED_SELECTOR = YES;
				GCC_WARN_UNINITIALIZED_AUTOS = YES_AGGRESSIVE;
				GCC_WARN_UNUSED_FUNCTION = YES;
				GCC_WARN_UNUSED_VARIABLE = YES;
				IPHONEOS_DEPLOYMENT_TARGET = 17.4;
				LOCALIZATION_PREFERS_STRING_CATALOGS = YES;
				MTL_ENABLE_DEBUG_INFO = NO;
				MTL_FAST_MATH = YES;
				SDKROOT = iphoneos;
				SWIFT_COMPILATION_MODE = wholemodule;
				VALIDATE_PRODUCT = YES;
			};
			name = Release;
		};
		FB4DEC902BA841CA00879B52 /* Debug */ = {
			isa = XCBuildConfiguration;
			buildSettings = {
				ASSETCATALOG_COMPILER_APPICON_NAME = AppIcon;
				ASSETCATALOG_COMPILER_GLOBAL_ACCENT_COLOR_NAME = AccentColor;
				CODE_SIGN_STYLE = Automatic;
				CURRENT_PROJECT_VERSION = 1;
				DEVELOPMENT_TEAM = 4LBCP6D63N;
				GENERATE_INFOPLIST_FILE = YES;
				INFOPLIST_FILE = ClockApp/Info.plist;
				INFOPLIST_KEY_UIApplicationSupportsIndirectInputEvents = YES;
				INFOPLIST_KEY_UILaunchStoryboardName = LaunchScreen;
				INFOPLIST_KEY_UIMainStoryboardFile = Main;
				INFOPLIST_KEY_UISupportedInterfaceOrientations_iPad = "UIInterfaceOrientationPortrait UIInterfaceOrientationPortraitUpsideDown UIInterfaceOrientationLandscapeLeft UIInterfaceOrientationLandscapeRight";
				INFOPLIST_KEY_UISupportedInterfaceOrientations_iPhone = "UIInterfaceOrientationPortrait UIInterfaceOrientationLandscapeLeft UIInterfaceOrientationLandscapeRight";
				LD_RUNPATH_SEARCH_PATHS = (
					"$(inherited)",
					"@executable_path/Frameworks",
				);
				MARKETING_VERSION = 1.0;
				PRODUCT_BUNDLE_IDENTIFIER = com.example.ClockApp;
				PRODUCT_NAME = "$(TARGET_NAME)";
				SWIFT_EMIT_LOC_STRINGS = YES;
				SWIFT_VERSION = 5.0;
				TARGETED_DEVICE_FAMILY = "1,2";
			};
			name = Debug;
		};
		FB4DEC912BA841CA00879B52 /* Release */ = {
			isa = XCBuildConfiguration;
			buildSettings = {
				ASSETCATALOG_COMPILER_APPICON_NAME = AppIcon;
				ASSETCATALOG_COMPILER_GLOBAL_ACCENT_COLOR_NAME = AccentColor;
				CODE_SIGN_STYLE = Automatic;
				CURRENT_PROJECT_VERSION = 1;
				DEVELOPMENT_TEAM = 4LBCP6D63N;
				GENERATE_INFOPLIST_FILE = YES;
				INFOPLIST_FILE = ClockApp/Info.plist;
				INFOPLIST_KEY_UIApplicationSupportsIndirectInputEvents = YES;
				INFOPLIST_KEY_UILaunchStoryboardName = LaunchScreen;
				INFOPLIST_KEY_UIMainStoryboardFile = Main;
				INFOPLIST_KEY_UISupportedInterfaceOrientations_iPad = "UIInterfaceOrientationPortrait UIInterfaceOrientationPortraitUpsideDown UIInterfaceOrientationLandscapeLeft UIInterfaceOrientationLandscapeRight";
				INFOPLIST_KEY_UISupportedInterfaceOrientations_iPhone = "UIInterfaceOrientationPortrait UIInterfaceOrientationLandscapeLeft UIInterfaceOrientationLandscapeRight";
				LD_RUNPATH_SEARCH_PATHS = (
					"$(inherited)",
					"@executable_path/Frameworks",
				);
				MARKETING_VERSION = 1.0;
				PRODUCT_BUNDLE_IDENTIFIER = com.example.ClockApp;
				PRODUCT_NAME = "$(TARGET_NAME)";
				SWIFT_EMIT_LOC_STRINGS = YES;
				SWIFT_VERSION = 5.0;
				TARGETED_DEVICE_FAMILY = "1,2";
			};
			name = Release;
		};
		FB4DEC932BA841CA00879B52 /* Debug */ = {
			isa = XCBuildConfiguration;
			buildSettings = {
				ALWAYS_EMBED_SWIFT_STANDARD_LIBRARIES = YES;
				BUNDLE_LOADER = "$(TEST_HOST)";
				CODE_SIGN_STYLE = Automatic;
				CURRENT_PROJECT_VERSION = 1;
				DEVELOPMENT_TEAM = 4LBCP6D63N;
				GENERATE_INFOPLIST_FILE = YES;
				IPHONEOS_DEPLOYMENT_TARGET = 17.4;
				MARKETING_VERSION = 1.0;
				PRODUCT_BUNDLE_IDENTIFIER = com.example.ClockAppTests;
				PRODUCT_NAME = "$(TARGET_NAME)";
				SWIFT_EMIT_LOC_STRINGS = NO;
				SWIFT_VERSION = 5.0;
				TARGETED_DEVICE_FAMILY = "1,2";
				TEST_HOST = "$(BUILT_PRODUCTS_DIR)/ClockApp.app/$(BUNDLE_EXECUTABLE_FOLDER_PATH)/ClockApp";
			};
			name = Debug;
		};
		FB4DEC942BA841CA00879B52 /* Release */ = {
			isa = XCBuildConfiguration;
			buildSettings = {
				ALWAYS_EMBED_SWIFT_STANDARD_LIBRARIES = YES;
				BUNDLE_LOADER = "$(TEST_HOST)";
				CODE_SIGN_STYLE = Automatic;
				CURRENT_PROJECT_VERSION = 1;
				DEVELOPMENT_TEAM = 4LBCP6D63N;
				GENERATE_INFOPLIST_FILE = YES;
				IPHONEOS_DEPLOYMENT_TARGET = 17.4;
				MARKETING_VERSION = 1.0;
				PRODUCT_BUNDLE_IDENTIFIER = com.example.ClockAppTests;
				PRODUCT_NAME = "$(TARGET_NAME)";
				SWIFT_EMIT_LOC_STRINGS = NO;
				SWIFT_VERSION = 5.0;
				TARGETED_DEVICE_FAMILY = "1,2";
				TEST_HOST = "$(BUILT_PRODUCTS_DIR)/ClockApp.app/$(BUNDLE_EXECUTABLE_FOLDER_PATH)/ClockApp";
			};
			name = Release;
		};
		FB4DEC962BA841CA00879B52 /* Debug */ = {
			isa = XCBuildConfiguration;
			buildSettings = {
				ALWAYS_EMBED_SWIFT_STANDARD_LIBRARIES = YES;
				CODE_SIGN_STYLE = Automatic;
				CURRENT_PROJECT_VERSION = 1;
				DEVELOPMENT_TEAM = 4LBCP6D63N;
				GENERATE_INFOPLIST_FILE = YES;
				MARKETING_VERSION = 1.0;
				PRODUCT_BUNDLE_IDENTIFIER = com.example.ClockAppUITests;
				PRODUCT_NAME = "$(TARGET_NAME)";
				SWIFT_EMIT_LOC_STRINGS = NO;
				SWIFT_VERSION = 5.0;
				TARGETED_DEVICE_FAMILY = "1,2";
				TEST_TARGET_NAME = ClockApp;
			};
			name = Debug;
		};
		FB4DEC972BA841CA00879B52 /* Release */ = {
			isa = XCBuildConfiguration;
			buildSettings = {
				ALWAYS_EMBED_SWIFT_STANDARD_LIBRARIES = YES;
				CODE_SIGN_STYLE = Automatic;
				CURRENT_PROJECT_VERSION = 1;
				DEVELOPMENT_TEAM = 4LBCP6D63N;
				GENERATE_INFOPLIST_FILE = YES;
				MARKETING_VERSION = 1.0;
				PRODUCT_BUNDLE_IDENTIFIER = com.example.ClockAppUITests;
				PRODUCT_NAME = "$(TARGET_NAME)";
				SWIFT_EMIT_LOC_STRINGS = NO;
				SWIFT_VERSION = 5.0;
				TARGETED_DEVICE_FAMILY = "1,2";
				TEST_TARGET_NAME = ClockApp;
			};
			name = Release;
		};
/* End XCBuildConfiguration section */

/* Begin XCConfigurationList section */
		FB4DEC602BA841C800879B52 /* Build configuration list for PBXProject "ClockApp" */ = {
			isa = XCConfigurationList;
			buildConfigurations = (
				FB4DEC8D2BA841CA00879B52 /* Debug */,
				FB4DEC8E2BA841CA00879B52 /* Release */,
			);
			defaultConfigurationIsVisible = 0;
			defaultConfigurationName = Release;
		};
		FB4DEC8F2BA841CA00879B52 /* Build configuration list for PBXNativeTarget "ClockApp" */ = {
			isa = XCConfigurationList;
			buildConfigurations = (
				FB4DEC902BA841CA00879B52 /* Debug */,
				FB4DEC912BA841CA00879B52 /* Release */,
			);
			defaultConfigurationIsVisible = 0;
			defaultConfigurationName = Release;
		};
		FB4DEC922BA841CA00879B52 /* Build configuration list for PBXNativeTarget "ClockAppTests" */ = {
			isa = XCConfigurationList;
			buildConfigurations = (
				FB4DEC932BA841CA00879B52 /* Debug */,
				FB4DEC942BA841CA00879B52 /* Release */,
			);
			defaultConfigurationIsVisible = 0;
			defaultConfigurationName = Release;
		};
		FB4DEC952BA841CA00879B52 /* Build configuration list for PBXNativeTarget "ClockAppUITests" */ = {
			isa = XCConfigurationList;
			buildConfigurations = (
				FB4DEC962BA841CA00879B52 /* Debug */,
				FB4DEC972BA841CA00879B52 /* Release */,
			);
			defaultConfigurationIsVisible = 0;
			defaultConfigurationName = Release;
		};
/* End XCConfigurationList section */
	};
	rootObject = FB4DEC5D2BA841C800879B52 /* Project object */;
}
